// !$*UTF8*$!
{
	archiveVersion = 1;
	classes = {
	};
	objectVersion = 50;
	objects = {

/* Begin PBXBuildFile section */
		AE04F4DD24DCFEFE00D78478 /* Card.swift in Sources */ = {isa = PBXBuildFile; fileRef = AE04F4DC24DCFEFE00D78478 /* Card.swift */; };
		AE04F4DF24DCFFC500D78478 /* CardView.swift in Sources */ = {isa = PBXBuildFile; fileRef = AE04F4DE24DCFFC500D78478 /* CardView.swift */; };
		AE2E565124DA3C7500F3DAAA /* AppDelegate.swift in Sources */ = {isa = PBXBuildFile; fileRef = AE2E565024DA3C7500F3DAAA /* AppDelegate.swift */; };
		AE2E565324DA3C7500F3DAAA /* SceneDelegate.swift in Sources */ = {isa = PBXBuildFile; fileRef = AE2E565224DA3C7500F3DAAA /* SceneDelegate.swift */; };
		AE2E565524DA3C7500F3DAAA /* ContentView.swift in Sources */ = {isa = PBXBuildFile; fileRef = AE2E565424DA3C7500F3DAAA /* ContentView.swift */; };
		AE2E565724DA3C7A00F3DAAA /* Assets.xcassets in Resources */ = {isa = PBXBuildFile; fileRef = AE2E565624DA3C7A00F3DAAA /* Assets.xcassets */; };
		AE2E565A24DA3C7A00F3DAAA /* Preview Assets.xcassets in Resources */ = {isa = PBXBuildFile; fileRef = AE2E565924DA3C7A00F3DAAA /* Preview Assets.xcassets */; };
		AE2E565D24DA3C7A00F3DAAA /* LaunchScreen.storyboard in Resources */ = {isa = PBXBuildFile; fileRef = AE2E565B24DA3C7A00F3DAAA /* LaunchScreen.storyboard */; };
		AECD738E24DFD45A00FA8620 /* EditCards.swift in Sources */ = {isa = PBXBuildFile; fileRef = AECD738D24DFD45A00FA8620 /* EditCards.swift */; };
/* End PBXBuildFile section */

/* Begin PBXFileReference section */
		AE04F4DC24DCFEFE00D78478 /* Card.swift */ = {isa = PBXFileReference; lastKnownFileType = sourcecode.swift; path = Card.swift; sourceTree = "<group>"; };
		AE04F4DE24DCFFC500D78478 /* CardView.swift */ = {isa = PBXFileReference; lastKnownFileType = sourcecode.swift; path = CardView.swift; sourceTree = "<group>"; };
		AE2E564D24DA3C7500F3DAAA /* Flashzilla.app */ = {isa = PBXFileReference; explicitFileType = wrapper.application; includeInIndex = 0; path = Flashzilla.app; sourceTree = BUILT_PRODUCTS_DIR; };
		AE2E565024DA3C7500F3DAAA /* AppDelegate.swift */ = {isa = PBXFileReference; lastKnownFileType = sourcecode.swift; path = AppDelegate.swift; sourceTree = "<group>"; };
		AE2E565224DA3C7500F3DAAA /* SceneDelegate.swift */ = {isa = PBXFileReference; lastKnownFileType = sourcecode.swift; path = SceneDelegate.swift; sourceTree = "<group>"; };
		AE2E565424DA3C7500F3DAAA /* ContentView.swift */ = {isa = PBXFileReference; lastKnownFileType = sourcecode.swift; path = ContentView.swift; sourceTree = "<group>"; };
		AE2E565624DA3C7A00F3DAAA /* Assets.xcassets */ = {isa = PBXFileReference; lastKnownFileType = folder.assetcatalog; path = Assets.xcassets; sourceTree = "<group>"; };
		AE2E565924DA3C7A00F3DAAA /* Preview Assets.xcassets */ = {isa = PBXFileReference; lastKnownFileType = folder.assetcatalog; path = "Preview Assets.xcassets"; sourceTree = "<group>"; };
		AE2E565C24DA3C7A00F3DAAA /* Base */ = {isa = PBXFileReference; lastKnownFileType = file.storyboard; name = Base; path = Base.lproj/LaunchScreen.storyboard; sourceTree = "<group>"; };
		AE2E565E24DA3C7A00F3DAAA /* Info.plist */ = {isa = PBXFileReference; lastKnownFileType = text.plist.xml; path = Info.plist; sourceTree = "<group>"; };
		AECD738D24DFD45A00FA8620 /* EditCards.swift */ = {isa = PBXFileReference; lastKnownFileType = sourcecode.swift; path = EditCards.swift; sourceTree = "<group>"; };
/* End PBXFileReference section */

/* Begin PBXFrameworksBuildPhase section */
		AE2E564A24DA3C7500F3DAAA /* Frameworks */ = {
			isa = PBXFrameworksBuildPhase;
			buildActionMask = 2147483647;
			files = (
			);
			runOnlyForDeploymentPostprocessing = 0;
		};
/* End PBXFrameworksBuildPhase section */

/* Begin PBXGroup section */
		AE2E564424DA3C7500F3DAAA = {
			isa = PBXGroup;
			children = (
				AE2E564F24DA3C7500F3DAAA /* Flashzilla */,
				AE2E564E24DA3C7500F3DAAA /* Products */,
			);
			sourceTree = "<group>";
		};
		AE2E564E24DA3C7500F3DAAA /* Products */ = {
			isa = PBXGroup;
			children = (
				AE2E564D24DA3C7500F3DAAA /* Flashzilla.app */,
			);
			name = Products;
			sourceTree = "<group>";
		};
		AE2E564F24DA3C7500F3DAAA /* Flashzilla */ = {
			isa = PBXGroup;
			children = (
				AE2E565024DA3C7500F3DAAA /* AppDelegate.swift */,
				AE2E565224DA3C7500F3DAAA /* SceneDelegate.swift */,
				AE2E565424DA3C7500F3DAAA /* ContentView.swift */,
				AE04F4DC24DCFEFE00D78478 /* Card.swift */,
				AE04F4DE24DCFFC500D78478 /* CardView.swift */,
				AECD738D24DFD45A00FA8620 /* EditCards.swift */,
				AE2E565624DA3C7A00F3DAAA /* Assets.xcassets */,
				AE2E565B24DA3C7A00F3DAAA /* LaunchScreen.storyboard */,
				AE2E565E24DA3C7A00F3DAAA /* Info.plist */,
				AE2E565824DA3C7A00F3DAAA /* Preview Content */,
			);
			path = Flashzilla;
			sourceTree = "<group>";
		};
		AE2E565824DA3C7A00F3DAAA /* Preview Content */ = {
			isa = PBXGroup;
			children = (
				AE2E565924DA3C7A00F3DAAA /* Preview Assets.xcassets */,
			);
			path = "Preview Content";
			sourceTree = "<group>";
		};
/* End PBXGroup section */

/* Begin PBXNativeTarget section */
		AE2E564C24DA3C7500F3DAAA /* Flashzilla */ = {
			isa = PBXNativeTarget;
			buildConfigurationList = AE2E566124DA3C7A00F3DAAA /* Build configuration list for PBXNativeTarget "Flashzilla" */;
			buildPhases = (
				AE2E564924DA3C7500F3DAAA /* Sources */,
				AE2E564A24DA3C7500F3DAAA /* Frameworks */,
				AE2E564B24DA3C7500F3DAAA /* Resources */,
			);
			buildRules = (
			);
			dependencies = (
			);
			name = Flashzilla;
			productName = Flashzilla;
			productReference = AE2E564D24DA3C7500F3DAAA /* Flashzilla.app */;
			productType = "com.apple.product-type.application";
		};
/* End PBXNativeTarget section */

/* Begin PBXProject section */
		AE2E564524DA3C7500F3DAAA /* Project object */ = {
			isa = PBXProject;
			attributes = {
				LastSwiftUpdateCheck = 1160;
				LastUpgradeCheck = 1160;
				ORGANIZATIONNAME = dmb;
				TargetAttributes = {
					AE2E564C24DA3C7500F3DAAA = {
						CreatedOnToolsVersion = 11.6;
					};
				};
			};
			buildConfigurationList = AE2E564824DA3C7500F3DAAA /* Build configuration list for PBXProject "Flashzilla" */;
			compatibilityVersion = "Xcode 9.3";
			developmentRegion = en;
			hasScannedForEncodings = 0;
			knownRegions = (
				en,
				Base,
			);
			mainGroup = AE2E564424DA3C7500F3DAAA;
			productRefGroup = AE2E564E24DA3C7500F3DAAA /* Products */;
			projectDirPath = "";
			projectRoot = "";
			targets = (
				AE2E564C24DA3C7500F3DAAA /* Flashzilla */,
			);
		};
/* End PBXProject section */

/* Begin PBXResourcesBuildPhase section */
		AE2E564B24DA3C7500F3DAAA /* Resources */ = {
			isa = PBXResourcesBuildPhase;
			buildActionMask = 2147483647;
			files = (
				AE2E565D24DA3C7A00F3DAAA /* LaunchScreen.storyboard in Resources */,
				AE2E565A24DA3C7A00F3DAAA /* Preview Assets.xcassets in Resources */,
				AE2E565724DA3C7A00F3DAAA /* Assets.xcassets in Resources */,
			);
			runOnlyForDeploymentPostprocessing = 0;
		};
/* End PBXResourcesBuildPhase section */

/* Begin PBXSourcesBuildPhase section */
		AE2E564924DA3C7500F3DAAA /* Sources */ = {
			isa = PBXSourcesBuildPhase;
			buildActionMask = 2147483647;
			files = (
				AE2E565124DA3C7500F3DAAA /* AppDelegate.swift in Sources */,
				AE2E565324DA3C7500F3DAAA /* SceneDelegate.swift in Sources */,
				AE2E565524DA3C7500F3DAAA /* ContentView.swift in Sources */,
				AECD738E24DFD45A00FA8620 /* EditCards.swift in Sources */,
				AE04F4DD24DCFEFE00D78478 /* Card.swift in Sources */,
				AE04F4DF24DCFFC500D78478 /* CardView.swift in Sources */,
			);
			runOnlyForDeploymentPostprocessing = 0;
		};
/* End PBXSourcesBuildPhase section */

/* Begin PBXVariantGroup section */
		AE2E565B24DA3C7A00F3DAAA /* LaunchScreen.storyboard */ = {
			isa = PBXVariantGroup;
			children = (
				AE2E565C24DA3C7A00F3DAAA /* Base */,
			);
			name = LaunchScreen.storyboard;
			sourceTree = "<group>";
		};
/* End PBXVariantGroup section */

/* Begin XCBuildConfiguration section */
		AE2E565F24DA3C7A00F3DAAA /* Debug */ = {
			isa = XCBuildConfiguration;
			buildSettings = {
				ALWAYS_SEARCH_USER_PATHS = NO;
				CLANG_ANALYZER_NONNULL = YES;
				CLANG_ANALYZER_NUMBER_OBJECT_CONVERSION = YES_AGGRESSIVE;
				CLANG_CXX_LANGUAGE_STANDARD = "gnu++14";
				CLANG_CXX_LIBRARY = "libc++";
				CLANG_ENABLE_MODULES = YES;
				CLANG_ENABLE_OBJC_ARC = YES;
				CLANG_ENABLE_OBJC_WEAK = YES;
				CLANG_WARN_BLOCK_CAPTURE_AUTORELEASING = YES;
				CLANG_WARN_BOOL_CONVERSION = YES;
				CLANG_WARN_COMMA = YES;
				CLANG_WARN_CONSTANT_CONVERSION = YES;
				CLANG_WARN_DEPRECATED_OBJC_IMPLEMENTATIONS = YES;
				CLANG_WARN_DIRECT_OBJC_ISA_USAGE = YES_ERROR;
				CLANG_WARN_DOCUMENTATION_COMMENTS = YES;
				CLANG_WARN_EMPTY_BODY = YES;
				CLANG_WARN_ENUM_CONVERSION = YES;
				CLANG_WARN_INFINITE_RECURSION = YES;
				CLANG_WARN_INT_CONVERSION = YES;
				CLANG_WARN_NON_LITERAL_NULL_CONVERSION = YES;
				CLANG_WARN_OBJC_IMPLICIT_RETAIN_SELF = YES;
				CLANG_WARN_OBJC_LITERAL_CONVERSION = YES;
				CLANG_WARN_OBJC_ROOT_CLASS = YES_ERROR;
				CLANG_WARN_RANGE_LOOP_ANALYSIS = YES;
				CLANG_WARN_STRICT_PROTOTYPES = YES;
				CLANG_WARN_SUSPICIOUS_MOVE = YES;
				CLANG_WARN_UNGUARDED_AVAILABILITY = YES_AGGRESSIVE;
				CLANG_WARN_UNREACHABLE_CODE = YES;
				CLANG_WARN__DUPLICATE_METHOD_MATCH = YES;
				COPY_PHASE_STRIP = NO;
				DEBUG_INFORMATION_FORMAT = dwarf;
				ENABLE_STRICT_OBJC_MSGSEND = YES;
				ENABLE_TESTABILITY = YES;
				GCC_C_LANGUAGE_STANDARD = gnu11;
				GCC_DYNAMIC_NO_PIC = NO;
				GCC_NO_COMMON_BLOCKS = YES;
				GCC_OPTIMIZATION_LEVEL = 0;
				GCC_PREPROCESSOR_DEFINITIONS = (
					"DEBUG=1",
					"$(inherited)",
				);
				GCC_WARN_64_TO_32_BIT_CONVERSION = YES;
				GCC_WARN_ABOUT_RETURN_TYPE = YES_ERROR;
				GCC_WARN_UNDECLARED_SELECTOR = YES;
				GCC_WARN_UNINITIALIZED_AUTOS = YES_AGGRESSIVE;
				GCC_WARN_UNUSED_FUNCTION = YES;
				GCC_WARN_UNUSED_VARIABLE = YES;
				IPHONEOS_DEPLOYMENT_TARGET = 13.6;
				MTL_ENABLE_DEBUG_INFO = INCLUDE_SOURCE;
				MTL_FAST_MATH = YES;
				ONLY_ACTIVE_ARCH = YES;
				SDKROOT = iphoneos;
				SWIFT_ACTIVE_COMPILATION_CONDITIONS = DEBUG;
				SWIFT_OPTIMIZATION_LEVEL = "-Onone";
			};
			name = Debug;
		};
		AE2E566024DA3C7A00F3DAAA /* Release */ = {
			isa = XCBuildConfiguration;
			buildSettings = {
				ALWAYS_SEARCH_USER_PATHS = NO;
				CLANG_ANALYZER_NONNULL = YES;
				CLANG_ANALYZER_NUMBER_OBJECT_CONVERSION = YES_AGGRESSIVE;
				CLANG_CXX_LANGUAGE_STANDARD = "gnu++14";
				CLANG_CXX_LIBRARY = "libc++";
				CLANG_ENABLE_MODULES = YES;
				CLANG_ENABLE_OBJC_ARC = YES;
				CLANG_ENABLE_OBJC_WEAK = YES;
				CLANG_WARN_BLOCK_CAPTURE_AUTORELEASING = YES;
				CLANG_WARN_BOOL_CONVERSION = YES;
				CLANG_WARN_COMMA = YES;
				CLANG_WARN_CONSTANT_CONVERSION = YES;
				CLANG_WARN_DEPRECATED_OBJC_IMPLEMENTATIONS = YES;
				CLANG_WARN_DIRECT_OBJC_ISA_USAGE = YES_ERROR;
				CLANG_WARN_DOCUMENTATION_COMMENTS = YES;
				CLANG_WARN_EMPTY_BODY = YES;
				CLANG_WARN_ENUM_CONVERSION = YES;
				CLANG_WARN_INFINITE_RECURSION = YES;
				CLANG_WARN_INT_CONVERSION = YES;
				CLANG_WARN_NON_LITERAL_NULL_CONVERSION = YES;
				CLANG_WARN_OBJC_IMPLICIT_RETAIN_SELF = YES;
				CLANG_WARN_OBJC_LITERAL_CONVERSION = YES;
				CLANG_WARN_OBJC_ROOT_CLASS = YES_ERROR;
				CLANG_WARN_RANGE_LOOP_ANALYSIS = YES;
				CLANG_WARN_STRICT_PROTOTYPES = YES;
				CLANG_WARN_SUSPICIOUS_MOVE = YES;
				CLANG_WARN_UNGUARDED_AVAILABILITY = YES_AGGRESSIVE;
				CLANG_WARN_UNREACHABLE_CODE = YES;
				CLANG_WARN__DUPLICATE_METHOD_MATCH = YES;
				COPY_PHASE_STRIP = NO;
				DEBUG_INFORMATION_FORMAT = "dwarf-with-dsym";
				ENABLE_NS_ASSERTIONS = NO;
				ENABLE_STRICT_OBJC_MSGSEND = YES;
				GCC_C_LANGUAGE_STANDARD = gnu11;
				GCC_NO_COMMON_BLOCKS = YES;
				GCC_WARN_64_TO_32_BIT_CONVERSION = YES;
				GCC_WARN_ABOUT_RETURN_TYPE = YES_ERROR;
				GCC_WARN_UNDECLARED_SELECTOR = YES;
				GCC_WARN_UNINITIALIZED_AUTOS = YES_AGGRESSIVE;
				GCC_WARN_UNUSED_FUNCTION = YES;
				GCC_WARN_UNUSED_VARIABLE = YES;
				IPHONEOS_DEPLOYMENT_TARGET = 13.6;
				MTL_ENABLE_DEBUG_INFO = NO;
				MTL_FAST_MATH = YES;
				SDKROOT = iphoneos;
				SWIFT_COMPILATION_MODE = wholemodule;
				SWIFT_OPTIMIZATION_LEVEL = "-O";
				VALIDATE_PRODUCT = YES;
			};
			name = Release;
		};
		AE2E566224DA3C7A00F3DAAA /* Debug */ = {
			isa = XCBuildConfiguration;
			buildSettings = {
				ASSETCATALOG_COMPILER_APPICON_NAME = AppIcon;
				CODE_SIGN_STYLE = Automatic;
				DEVELOPMENT_ASSET_PATHS = "\"Flashzilla/Preview Content\"";
				DEVELOPMENT_TEAM = 5K97LXLCKT;
				ENABLE_PREVIEWS = YES;
				INFOPLIST_FILE = Flashzilla/Info.plist;
				LD_RUNPATH_SEARCH_PATHS = (
					"$(inherited)",
					"@executable_path/Frameworks",
				);
				PRODUCT_BUNDLE_IDENTIFIER = dmb.Flashzilla;
				PRODUCT_NAME = "$(TARGET_NAME)";
				SWIFT_VERSION = 5.0;
				TARGETED_DEVICE_FAMILY = "1,2";
			};
			name = Debug;
		};
		AE2E566324DA3C7A00F3DAAA /* Release */ = {
			isa = XCBuildConfiguration;
			buildSettings = {
				ASSETCATALOG_COMPILER_APPICON_NAME = AppIcon;
				CODE_SIGN_STYLE = Automatic;
				DEVELOPMENT_ASSET_PATHS = "\"Flashzilla/Preview Content\"";
				DEVELOPMENT_TEAM = 5K97LXLCKT;
				ENABLE_PREVIEWS = YES;
				INFOPLIST_FILE = Flashzilla/Info.plist;
				LD_RUNPATH_SEARCH_PATHS = (
					"$(inherited)",
					"@executable_path/Frameworks",
				);
				PRODUCT_BUNDLE_IDENTIFIER = dmb.Flashzilla;
				PRODUCT_NAME = "$(TARGET_NAME)";
				SWIFT_VERSION = 5.0;
				TARGETED_DEVICE_FAMILY = "1,2";
			};
			name = Release;
		};
/* End XCBuildConfiguration section */

/* Begin XCConfigurationList section */
		AE2E564824DA3C7500F3DAAA /* Build configuration list for PBXProject "Flashzilla" */ = {
			isa = XCConfigurationList;
			buildConfigurations = (
				AE2E565F24DA3C7A00F3DAAA /* Debug */,
				AE2E566024DA3C7A00F3DAAA /* Release */,
			);
			defaultConfigurationIsVisible = 0;
			defaultConfigurationName = Release;
		};
		AE2E566124DA3C7A00F3DAAA /* Build configuration list for PBXNativeTarget "Flashzilla" */ = {
			isa = XCConfigurationList;
			buildConfigurations = (
				AE2E566224DA3C7A00F3DAAA /* Debug */,
				AE2E566324DA3C7A00F3DAAA /* Release */,
			);
			defaultConfigurationIsVisible = 0;
			defaultConfigurationName = Release;
		};
/* End XCConfigurationList section */
	};
	rootObject = AE2E564524DA3C7500F3DAAA /* Project object */;
}
